// !$*UTF8*$!
{
	archiveVersion = 1;
	classes = {
	};
	objectVersion = 48;
	objects = {

/* Begin PBXBuildFile section */
		2564EC921FF9B43A008B8BF9 /* AppDelegate.swift in Sources */ = {isa = PBXBuildFile; fileRef = 2564EC911FF9B43A008B8BF9 /* AppDelegate.swift */; };
		2564EC941FF9B43A008B8BF9 /* ViewController.swift in Sources */ = {isa = PBXBuildFile; fileRef = 2564EC931FF9B43A008B8BF9 /* ViewController.swift */; };
		2564EC971FF9B43A008B8BF9 /* Main.storyboard in Resources */ = {isa = PBXBuildFile; fileRef = 2564EC951FF9B43A008B8BF9 /* Main.storyboard */; };
		2564EC9A1FF9B43A008B8BF9 /* coreDataProject.xcdatamodeld in Sources */ = {isa = PBXBuildFile; fileRef = 2564EC981FF9B43A008B8BF9 /* coreDataProject.xcdatamodeld */; };
		2564EC9C1FF9B43A008B8BF9 /* Assets.xcassets in Resources */ = {isa = PBXBuildFile; fileRef = 2564EC9B1FF9B43A008B8BF9 /* Assets.xcassets */; };
		2564EC9F1FF9B43A008B8BF9 /* LaunchScreen.storyboard in Resources */ = {isa = PBXBuildFile; fileRef = 2564EC9D1FF9B43A008B8BF9 /* LaunchScreen.storyboard */; };
/* End PBXBuildFile section */

/* Begin PBXFileReference section */
		2564EC8E1FF9B43A008B8BF9 /* coreDataProject.app */ = {isa = PBXFileReference; explicitFileType = wrapper.application; includeInIndex = 0; path = coreDataProject.app; sourceTree = BUILT_PRODUCTS_DIR; };
		2564EC911FF9B43A008B8BF9 /* AppDelegate.swift */ = {isa = PBXFileReference; lastKnownFileType = sourcecode.swift; path = AppDelegate.swift; sourceTree = "<group>"; };
		2564EC931FF9B43A008B8BF9 /* ViewController.swift */ = {isa = PBXFileReference; lastKnownFileType = sourcecode.swift; path = ViewController.swift; sourceTree = "<group>"; };
		2564EC961FF9B43A008B8BF9 /* Base */ = {isa = PBXFileReference; lastKnownFileType = file.storyboard; name = Base; path = Base.lproj/Main.storyboard; sourceTree = "<group>"; };
		2564EC991FF9B43A008B8BF9 /* coreDataProject.xcdatamodel */ = {isa = PBXFileReference; lastKnownFileType = wrapper.xcdatamodel; path = coreDataProject.xcdatamodel; sourceTree = "<group>"; };
		2564EC9B1FF9B43A008B8BF9 /* Assets.xcassets */ = {isa = PBXFileReference; lastKnownFileType = folder.assetcatalog; path = Assets.xcassets; sourceTree = "<group>"; };
		2564EC9E1FF9B43A008B8BF9 /* Base */ = {isa = PBXFileReference; lastKnownFileType = file.storyboard; name = Base; path = Base.lproj/LaunchScreen.storyboard; sourceTree = "<group>"; };
		2564ECA01FF9B43A008B8BF9 /* Info.plist */ = {isa = PBXFileReference; lastKnownFileType = text.plist.xml; path = Info.plist; sourceTree = "<group>"; };
/* End PBXFileReference section */

/* Begin PBXFrameworksBuildPhase section */
		2564EC8B1FF9B43A008B8BF9 /* Frameworks */ = {
			isa = PBXFrameworksBuildPhase;
			buildActionMask = 2147483647;
			files = (
			);
			runOnlyForDeploymentPostprocessing = 0;
		};
/* End PBXFrameworksBuildPhase section */

/* Begin PBXGroup section */
		2564EC851FF9B43A008B8BF9 = {
			isa = PBXGroup;
			children = (
				2564EC901FF9B43A008B8BF9 /* coreDataProject */,
				2564EC8F1FF9B43A008B8BF9 /* Products */,
			);
			sourceTree = "<group>";
		};
		2564EC8F1FF9B43A008B8BF9 /* Products */ = {
			isa = PBXGroup;
			children = (
				2564EC8E1FF9B43A008B8BF9 /* coreDataProject.app */,
			);
			name = Products;
			sourceTree = "<group>";
		};
		2564EC901FF9B43A008B8BF9 /* coreDataProject */ = {
			isa = PBXGroup;
			children = (
				2564EC911FF9B43A008B8BF9 /* AppDelegate.swift */,
				2564EC931FF9B43A008B8BF9 /* ViewController.swift */,
				2564EC951FF9B43A008B8BF9 /* Main.storyboard */,
				2564EC9B1FF9B43A008B8BF9 /* Assets.xcassets */,
				2564EC9D1FF9B43A008B8BF9 /* LaunchScreen.storyboard */,
				2564ECA01FF9B43A008B8BF9 /* Info.plist */,
				2564EC981FF9B43A008B8BF9 /* coreDataProject.xcdatamodeld */,
			);
			path = coreDataProject;
			sourceTree = "<group>";
		};
/* End PBXGroup section */

/* Begin PBXNativeTarget section */
		2564EC8D1FF9B43A008B8BF9 /* coreDataProject */ = {
			isa = PBXNativeTarget;
			buildConfigurationList = 2564ECA31FF9B43A008B8BF9 /* Build configuration list for PBXNativeTarget "coreDataProject" */;
			buildPhases = (
				2564EC8A1FF9B43A008B8BF9 /* Sources */,
				2564EC8B1FF9B43A008B8BF9 /* Frameworks */,
				2564EC8C1FF9B43A008B8BF9 /* Resources */,
			);
			buildRules = (
			);
			dependencies = (
			);
			name = coreDataProject;
			productName = coreDataProject;
			productReference = 2564EC8E1FF9B43A008B8BF9 /* coreDataProject.app */;
			productType = "com.apple.product-type.application";
		};
/* End PBXNativeTarget section */

/* Begin PBXProject section */
		2564EC861FF9B43A008B8BF9 /* Project object */ = {
			isa = PBXProject;
			attributes = {
				LastSwiftUpdateCheck = 0900;
				LastUpgradeCheck = 0900;
				ORGANIZATIONNAME = "Gabriel Cisneros";
				TargetAttributes = {
					2564EC8D1FF9B43A008B8BF9 = {
						CreatedOnToolsVersion = 9.0;
						ProvisioningStyle = Automatic;
					};
				};
			};
			buildConfigurationList = 2564EC891FF9B43A008B8BF9 /* Build configuration list for PBXProject "coreDataProject" */;
			compatibilityVersion = "Xcode 8.0";
			developmentRegion = en;
			hasScannedForEncodings = 0;
			knownRegions = (
				en,
				Base,
			);
			mainGroup = 2564EC851FF9B43A008B8BF9;
			productRefGroup = 2564EC8F1FF9B43A008B8BF9 /* Products */;
			projectDirPath = "";
			projectRoot = "";
			targets = (
				2564EC8D1FF9B43A008B8BF9 /* coreDataProject */,
			);
		};
/* End PBXProject section */

/* Begin PBXResourcesBuildPhase section */
		2564EC8C1FF9B43A008B8BF9 /* Resources */ = {
			isa = PBXResourcesBuildPhase;
			buildActionMask = 2147483647;
			files = (
				2564EC9F1FF9B43A008B8BF9 /* LaunchScreen.storyboard in Resources */,
				2564EC9C1FF9B43A008B8BF9 /* Assets.xcassets in Resources */,
				2564EC971FF9B43A008B8BF9 /* Main.storyboard in Resources */,
			);
			runOnlyForDeploymentPostprocessing = 0;
		};
/* End PBXResourcesBuildPhase section */

/* Begin PBXSourcesBuildPhase section */
		2564EC8A1FF9B43A008B8BF9 /* Sources */ = {
			isa = PBXSourcesBuildPhase;
			buildActionMask = 2147483647;
			files = (
				2564EC941FF9B43A008B8BF9 /* ViewController.swift in Sources */,
				2564EC921FF9B43A008B8BF9 /* AppDelegate.swift in Sources */,
				2564EC9A1FF9B43A008B8BF9 /* coreDataProject.xcdatamodeld in Sources */,
			);
			runOnlyForDeploymentPostprocessing = 0;
		};
/* End PBXSourcesBuildPhase section */

/* Begin PBXVariantGroup section */
		2564EC951FF9B43A008B8BF9 /* Main.storyboard */ = {
			isa = PBXVariantGroup;
			children = (
				2564EC961FF9B43A008B8BF9 /* Base */,
			);
			name = Main.storyboard;
			sourceTree = "<group>";
		};
		2564EC9D1FF9B43A008B8BF9 /* LaunchScreen.storyboard */ = {
			isa = PBXVariantGroup;
			children = (
				2564EC9E1FF9B43A008B8BF9 /* Base */,
			);
			name = LaunchScreen.storyboard;
			sourceTree = "<group>";
		};
/* End PBXVariantGroup section */

/* Begin XCBuildConfiguration section */
		2564ECA11FF9B43A008B8BF9 /* Debug */ = {
			isa = XCBuildConfiguration;
			buildSettings = {
				ALWAYS_SEARCH_USER_PATHS = NO;
				CLANG_ANALYZER_NONNULL = YES;
				CLANG_ANALYZER_NUMBER_OBJECT_CONVERSION = YES_AGGRESSIVE;
				CLANG_CXX_LANGUAGE_STANDARD = "gnu++14";
				CLANG_CXX_LIBRARY = "libc++";
				CLANG_ENABLE_MODULES = YES;
				CLANG_ENABLE_OBJC_ARC = YES;
				CLANG_WARN_BLOCK_CAPTURE_AUTORELEASING = YES;
				CLANG_WARN_BOOL_CONVERSION = YES;
				CLANG_WARN_COMMA = YES;
				CLANG_WARN_CONSTANT_CONVERSION = YES;
				CLANG_WARN_DIRECT_OBJC_ISA_USAGE = YES_ERROR;
				CLANG_WARN_DOCUMENTATION_COMMENTS = YES;
				CLANG_WARN_EMPTY_BODY = YES;
				CLANG_WARN_ENUM_CONVERSION = YES;
				CLANG_WARN_INFINITE_RECURSION = YES;
				CLANG_WARN_INT_CONVERSION = YES;
				CLANG_WARN_NON_LITERAL_NULL_CONVERSION = YES;
				CLANG_WARN_OBJC_LITERAL_CONVERSION = YES;
				CLANG_WARN_OBJC_ROOT_CLASS = YES_ERROR;
				CLANG_WARN_RANGE_LOOP_ANALYSIS = YES;
				CLANG_WARN_STRICT_PROTOTYPES = YES;
				CLANG_WARN_SUSPICIOUS_MOVE = YES;
				CLANG_WARN_UNGUARDED_AVAILABILITY = YES_AGGRESSIVE;
				CLANG_WARN_UNREACHABLE_CODE = YES;
				CLANG_WARN__DUPLICATE_METHOD_MATCH = YES;
				CODE_SIGN_IDENTITY = "iPhone Developer";
				COPY_PHASE_STRIP = NO;
				DEBUG_INFORMATION_FORMAT = dwarf;
				ENABLE_STRICT_OBJC_MSGSEND = YES;
				ENABLE_TESTABILITY = YES;
				GCC_C_LANGUAGE_STANDARD = gnu11;
				GCC_DYNAMIC_NO_PIC = NO;
				GCC_NO_COMMON_BLOCKS = YES;
				GCC_OPTIMIZATION_LEVEL = 0;
				GCC_PREPROCESSOR_DEFINITIONS = (
					"DEBUG=1",
					"$(inherited)",
				);
				GCC_WARN_64_TO_32_BIT_CONVERSION = YES;
				GCC_WARN_ABOUT_RETURN_TYPE = YES_ERROR;
				GCC_WARN_UNDECLARED_SELECTOR = YES;
				GCC_WARN_UNINITIALIZED_AUTOS = YES_AGGRESSIVE;
				GCC_WARN_UNUSED_FUNCTION = YES;
				GCC_WARN_UNUSED_VARIABLE = YES;
				IPHONEOS_DEPLOYMENT_TARGET = 11.0;
				MTL_ENABLE_DEBUG_INFO = YES;
				ONLY_ACTIVE_ARCH = YES;
				SDKROOT = iphoneos;
				SWIFT_ACTIVE_COMPILATION_CONDITIONS = DEBUG;
				SWIFT_OPTIMIZATION_LEVEL = "-Onone";
			};
			name = Debug;
		};
		2564ECA21FF9B43A008B8BF9 /* Release */ = {
			isa = XCBuildConfiguration;
			buildSettings = {
				ALWAYS_SEARCH_USER_PATHS = NO;
				CLANG_ANALYZER_NONNULL = YES;
				CLANG_ANALYZER_NUMBER_OBJECT_CONVERSION = YES_AGGRESSIVE;
				CLANG_CXX_LANGUAGE_STANDARD = "gnu++14";
				CLANG_CXX_LIBRARY = "libc++";
				CLANG_ENABLE_MODULES = YES;
				CLANG_ENABLE_OBJC_ARC = YES;
				CLANG_WARN_BLOCK_CAPTURE_AUTORELEASING = YES;
				CLANG_WARN_BOOL_CONVERSION = YES;
				CLANG_WARN_COMMA = YES;
				CLANG_WARN_CONSTANT_CONVERSION = YES;
				CLANG_WARN_DIRECT_OBJC_ISA_USAGE = YES_ERROR;
				CLANG_WARN_DOCUMENTATION_COMMENTS = YES;
				CLANG_WARN_EMPTY_BODY = YES;
				CLANG_WARN_ENUM_CONVERSION = YES;
				CLANG_WARN_INFINITE_RECURSION = YES;
				CLANG_WARN_INT_CONVERSION = YES;
				CLANG_WARN_NON_LITERAL_NULL_CONVERSION = YES;
				CLANG_WARN_OBJC_LITERAL_CONVERSION = YES;
				CLANG_WARN_OBJC_ROOT_CLASS = YES_ERROR;
				CLANG_WARN_RANGE_LOOP_ANALYSIS = YES;
				CLANG_WARN_STRICT_PROTOTYPES = YES;
				CLANG_WARN_SUSPICIOUS_MOVE = YES;
				CLANG_WARN_UNGUARDED_AVAILABILITY = YES_AGGRESSIVE;
				CLANG_WARN_UNREACHABLE_CODE = YES;
				CLANG_WARN__DUPLICATE_METHOD_MATCH = YES;
				CODE_SIGN_IDENTITY = "iPhone Developer";
				COPY_PHASE_STRIP = NO;
				DEBUG_INFORMATION_FORMAT = "dwarf-with-dsym";
				ENABLE_NS_ASSERTIONS = NO;
				ENABLE_STRICT_OBJC_MSGSEND = YES;
				GCC_C_LANGUAGE_STANDARD = gnu11;
				GCC_NO_COMMON_BLOCKS = YES;
				GCC_WARN_64_TO_32_BIT_CONVERSION = YES;
				GCC_WARN_ABOUT_RETURN_TYPE = YES_ERROR;
				GCC_WARN_UNDECLARED_SELECTOR = YES;
				GCC_WARN_UNINITIALIZED_AUTOS = YES_AGGRESSIVE;
				GCC_WARN_UNUSED_FUNCTION = YES;
				GCC_WARN_UNUSED_VARIABLE = YES;
				IPHONEOS_DEPLOYMENT_TARGET = 11.0;
				MTL_ENABLE_DEBUG_INFO = NO;
				SDKROOT = iphoneos;
				SWIFT_OPTIMIZATION_LEVEL = "-Owholemodule";
				VALIDATE_PRODUCT = YES;
			};
			name = Release;
		};
		2564ECA41FF9B43A008B8BF9 /* Debug */ = {
			isa = XCBuildConfiguration;
			buildSettings = {
				ASSETCATALOG_COMPILER_APPICON_NAME = AppIcon;
				CODE_SIGN_STYLE = Automatic;
				DEVELOPMENT_TEAM = B3S66M85FU;
				INFOPLIST_FILE = coreDataProject/Info.plist;
				LD_RUNPATH_SEARCH_PATHS = "$(inherited) @executable_path/Frameworks";
				PRODUCT_BUNDLE_IDENTIFIER = com.gabeCee.coreDataProject;
				PRODUCT_NAME = "$(TARGET_NAME)";
				SWIFT_VERSION = 4.0;
				TARGETED_DEVICE_FAMILY = "1,2";
			};
			name = Debug;
		};
		2564ECA51FF9B43A008B8BF9 /* Release */ = {
			isa = XCBuildConfiguration;
			buildSettings = {
				ASSETCATALOG_COMPILER_APPICON_NAME = AppIcon;
				CODE_SIGN_STYLE = Automatic;
				DEVELOPMENT_TEAM = B3S66M85FU;
				INFOPLIST_FILE = coreDataProject/Info.plist;
				LD_RUNPATH_SEARCH_PATHS = "$(inherited) @executable_path/Frameworks";
				PRODUCT_BUNDLE_IDENTIFIER = com.gabeCee.coreDataProject;
				PRODUCT_NAME = "$(TARGET_NAME)";
				SWIFT_VERSION = 4.0;
				TARGETED_DEVICE_FAMILY = "1,2";
			};
			name = Release;
		};
/* End XCBuildConfiguration section */

/* Begin XCConfigurationList section */
		2564EC891FF9B43A008B8BF9 /* Build configuration list for PBXProject "coreDataProject" */ = {
			isa = XCConfigurationList;
			buildConfigurations = (
				2564ECA11FF9B43A008B8BF9 /* Debug */,
				2564ECA21FF9B43A008B8BF9 /* Release */,
			);
			defaultConfigurationIsVisible = 0;
			defaultConfigurationName = Release;
		};
		2564ECA31FF9B43A008B8BF9 /* Build configuration list for PBXNativeTarget "coreDataProject" */ = {
			isa = XCConfigurationList;
			buildConfigurations = (
				2564ECA41FF9B43A008B8BF9 /* Debug */,
				2564ECA51FF9B43A008B8BF9 /* Release */,
			);
			defaultConfigurationIsVisible = 0;
			defaultConfigurationName = Release;
		};
/* End XCConfigurationList section */

/* Begin XCVersionGroup section */
		2564EC981FF9B43A008B8BF9 /* coreDataProject.xcdatamodeld */ = {
			isa = XCVersionGroup;
			children = (
				2564EC991FF9B43A008B8BF9 /* coreDataProject.xcdatamodel */,
			);
			currentVersion = 2564EC991FF9B43A008B8BF9 /* coreDataProject.xcdatamodel */;
			path = coreDataProject.xcdatamodeld;
			sourceTree = "<group>";
			versionGroupType = wrapper.xcdatamodel;
		};
/* End XCVersionGroup section */
	};
	rootObject = 2564EC861FF9B43A008B8BF9 /* Project object */;
}
